
Microsoft Visual Studio Solution File, Format Version 12.00
# Visual Studio 15
VisualStudioVersion = 15.0.26403.0
MinimumVisualStudioVersion = 10.0.40219.1
Project("{8BC9CEB8-8B4A-11D0-8D11-00A0C91BC942}") = "DSLK_ĐƠN", "DSLK_ĐƠN\DSLK_ĐƠN.vcxproj", "{92E92532-B6E4-42FE-B731-64F30132F45D}"
EndProject
Project("{8BC9CEB8-8B4A-11D0-8D11-00A0C91BC942}") = "ÔN TẬP DSLKĐ", "ÔN TẬP DSLKĐ\ÔN TẬP DSLKĐ.vcxproj", "{7502E990-35FB-4A7D-863A-62C6E9031ED1}"
EndProject
Project("{8BC9CEB8-8B4A-11D0-8D11-00A0C91BC942}") = "BT quan ly nhan vien", "BT quan ly nhan vien\BT quan ly nhan vien.vcxproj", "{5364BCEE-FD14-409A-A608-1D7638932CDA}"
EndProject
Project("{8BC9CEB8-8B4A-11D0-8D11-00A0C91BC942}") = "BT TH On Tap", "BT TH On Tap\BT TH On Tap.vcxproj", "{4732BE11-578F-4BF9-B865-2D397FC1D709}"
EndProject
Project("{8BC9CEB8-8B4A-11D0-8D11-00A0C91BC942}") = "Tree", "DSKK kep\DSKK kep.vcxproj", "{E1FEE57B-33CB-484E-B4AD-FF6CFBC2394C}"
EndProject
Project("{8BC9CEB8-8B4A-11D0-8D11-00A0C91BC942}") = "BT2", "BT2\BT2.vcxproj", "{18144AA9-0D1C-4695-91AC-83F35ACFCCF0}"
EndProject
Project("{8BC9CEB8-8B4A-11D0-8D11-00A0C91BC942}") = "ÔN TẬP LẦN CUỐI DSLK_1", "ÔN TẬP LẦN CUỐI DSLK_1\ÔN TẬP LẦN CUỐI DSLK_1.vcxproj", "{DC2F44AD-E3E4-4225-976F-63FA53B43A21}"
EndProject
Project("{8BC9CEB8-8B4A-11D0-8D11-00A0C91BC942}") = "ÔN TẬP CÂY LAN CUOI", "ÔN TẬP CÂY LAN CUOI\ÔN TẬP CÂY LAN CUOI.vcxproj", "{3174EB2C-7A2C-47DA-A0D4-1D9265BF36E2}"
EndProject
Global
	GlobalSection(SolutionConfigurationPlatforms) = preSolution
		Debug|x64 = Debug|x64
		Debug|x86 = Debug|x86
		Release|x64 = Release|x64
		Release|x86 = Release|x86
	EndGlobalSection
	GlobalSection(ProjectConfigurationPlatforms) = postSolution
		{92E92532-B6E4-42FE-B731-64F30132F45D}.Debug|x64.ActiveCfg = Debug|x64
		{92E92532-B6E4-42FE-B731-64F30132F45D}.Debug|x64.Build.0 = Debug|x64
		{92E92532-B6E4-42FE-B731-64F30132F45D}.Debug|x86.ActiveCfg = Debug|Win32
		{92E92532-B6E4-42FE-B731-64F30132F45D}.Debug|x86.Build.0 = Debug|Win32
		{92E92532-B6E4-42FE-B731-64F30132F45D}.Release|x64.ActiveCfg = Release|x64
		{92E92532-B6E4-42FE-B731-64F30132F45D}.Release|x64.Build.0 = Release|x64
		{92E92532-B6E4-42FE-B731-64F30132F45D}.Release|x86.ActiveCfg = Release|Win32
		{92E92532-B6E4-42FE-B731-64F30132F45D}.Release|x86.Build.0 = Release|Win32
		{7502E990-35FB-4A7D-863A-62C6E9031ED1}.Debug|x64.ActiveCfg = Debug|x64
		{7502E990-35FB-4A7D-863A-62C6E9031ED1}.Debug|x64.Build.0 = Debug|x64
		{7502E990-35FB-4A7D-863A-62C6E9031ED1}.Debug|x86.ActiveCfg = Debug|Win32
		{7502E990-35FB-4A7D-863A-62C6E9031ED1}.Debug|x86.Build.0 = Debug|Win32
		{7502E990-35FB-4A7D-863A-62C6E9031ED1}.Release|x64.ActiveCfg = Release|x64
		{7502E990-35FB-4A7D-863A-62C6E9031ED1}.Release|x64.Build.0 = Release|x64
		{7502E990-35FB-4A7D-863A-62C6E9031ED1}.Release|x86.ActiveCfg = Release|Win32
		{7502E990-35FB-4A7D-863A-62C6E9031ED1}.Release|x86.Build.0 = Release|Win32
		{5364BCEE-FD14-409A-A608-1D7638932CDA}.Debug|x64.ActiveCfg = Debug|x64
		{5364BCEE-FD14-409A-A608-1D7638932CDA}.Debug|x64.Build.0 = Debug|x64
		{5364BCEE-FD14-409A-A608-1D7638932CDA}.Debug|x86.ActiveCfg = Debug|Win32
		{5364BCEE-FD14-409A-A608-1D7638932CDA}.Debug|x86.Build.0 = Debug|Win32
		{5364BCEE-FD14-409A-A608-1D7638932CDA}.Release|x64.ActiveCfg = Release|x64
		{5364BCEE-FD14-409A-A608-1D7638932CDA}.Release|x64.Build.0 = Release|x64
		{5364BCEE-FD14-409A-A608-1D7638932CDA}.Release|x86.ActiveCfg = Release|Win32
		{5364BCEE-FD14-409A-A608-1D7638932CDA}.Release|x86.Build.0 = Release|Win32
		{4732BE11-578F-4BF9-B865-2D397FC1D709}.Debug|x64.ActiveCfg = Debug|x64
		{4732BE11-578F-4BF9-B865-2D397FC1D709}.Debug|x64.Build.0 = Debug|x64
		{4732BE11-578F-4BF9-B865-2D397FC1D709}.Debug|x86.ActiveCfg = Debug|Win32
		{4732BE11-578F-4BF9-B865-2D397FC1D709}.Debug|x86.Build.0 = Debug|Win32
		{4732BE11-578F-4BF9-B865-2D397FC1D709}.Release|x64.ActiveCfg = Release|x64
		{4732BE11-578F-4BF9-B865-2D397FC1D709}.Release|x64.Build.0 = Release|x64
		{4732BE11-578F-4BF9-B865-2D397FC1D709}.Release|x86.ActiveCfg = Release|Win32
		{4732BE11-578F-4BF9-B865-2D397FC1D709}.Release|x86.Build.0 = Release|Win32
		{E1FEE57B-33CB-484E-B4AD-FF6CFBC2394C}.Debug|x64.ActiveCfg = Debug|x64
		{E1FEE57B-33CB-484E-B4AD-FF6CFBC2394C}.Debug|x64.Build.0 = Debug|x64
		{E1FEE57B-33CB-484E-B4AD-FF6CFBC2394C}.Debug|x86.ActiveCfg = Debug|Win32
		{E1FEE57B-33CB-484E-B4AD-FF6CFBC2394C}.Debug|x86.Build.0 = Debug|Win32
		{E1FEE57B-33CB-484E-B4AD-FF6CFBC2394C}.Release|x64.ActiveCfg = Release|x64
		{E1FEE57B-33CB-484E-B4AD-FF6CFBC2394C}.Release|x64.Build.0 = Release|x64
		{E1FEE57B-33CB-484E-B4AD-FF6CFBC2394C}.Release|x86.ActiveCfg = Release|Win32
		{E1FEE57B-33CB-484E-B4AD-FF6CFBC2394C}.Release|x86.Build.0 = Release|Win32
		{18144AA9-0D1C-4695-91AC-83F35ACFCCF0}.Debug|x64.ActiveCfg = Debug|x64
		{18144AA9-0D1C-4695-91AC-83F35ACFCCF0}.Debug|x64.Build.0 = Debug|x64
		{18144AA9-0D1C-4695-91AC-83F35ACFCCF0}.Debug|x86.ActiveCfg = Debug|Win32
		{18144AA9-0D1C-4695-91AC-83F35ACFCCF0}.Debug|x86.Build.0 = Debug|Win32
		{18144AA9-0D1C-4695-91AC-83F35ACFCCF0}.Release|x64.ActiveCfg = Release|x64
		{18144AA9-0D1C-4695-91AC-83F35ACFCCF0}.Release|x64.Build.0 = Release|x64
		{18144AA9-0D1C-4695-91AC-83F35ACFCCF0}.Release|x86.ActiveCfg = Release|Win32
		{18144AA9-0D1C-4695-91AC-83F35ACFCCF0}.Release|x86.Build.0 = Release|Win32
		{DC2F44AD-E3E4-4225-976F-63FA53B43A21}.Debug|x64.ActiveCfg = Debug|x64
		{DC2F44AD-E3E4-4225-976F-63FA53B43A21}.Debug|x64.Build.0 = Debug|x64
		{DC2F44AD-E3E4-4225-976F-63FA53B43A21}.Debug|x86.ActiveCfg = Debug|Win32
		{DC2F44AD-E3E4-4225-976F-63FA53B43A21}.Debug|x86.Build.0 = Debug|Win32
		{DC2F44AD-E3E4-4225-976F-63FA53B43A21}.Release|x64.ActiveCfg = Release|x64
		{DC2F44AD-E3E4-4225-976F-63FA53B43A21}.Release|x64.Build.0 = Release|x64
		{DC2F44AD-E3E4-4225-976F-63FA53B43A21}.Release|x86.ActiveCfg = Release|Win32
		{DC2F44AD-E3E4-4225-976F-63FA53B43A21}.Release|x86.Build.0 = Release|Win32
		{3174EB2C-7A2C-47DA-A0D4-1D9265BF36E2}.Debug|x64.ActiveCfg = Debug|x64
		{3174EB2C-7A2C-47DA-A0D4-1D9265BF36E2}.Debug|x64.Build.0 = Debug|x64
		{3174EB2C-7A2C-47DA-A0D4-1D9265BF36E2}.Debug|x86.ActiveCfg = Debug|Win32
		{3174EB2C-7A2C-47DA-A0D4-1D9265BF36E2}.Debug|x86.Build.0 = Debug|Win32
		{3174EB2C-7A2C-47DA-A0D4-1D9265BF36E2}.Release|x64.ActiveCfg = Release|x64
		{3174EB2C-7A2C-47DA-A0D4-1D9265BF36E2}.Release|x64.Build.0 = Release|x64
		{3174EB2C-7A2C-47DA-A0D4-1D9265BF36E2}.Release|x86.ActiveCfg = Release|Win32
		{3174EB2C-7A2C-47DA-A0D4-1D9265BF36E2}.Release|x86.Build.0 = Release|Win32
	EndGlobalSection
	GlobalSection(SolutionProperties) = preSolution
		HideSolutionNode = FALSE
	EndGlobalSection
EndGlobal
